
Microsoft Visual Studio Solution File, Format Version 12.00
# Visual Studio Version 17
VisualStudioVersion = 17.10.35027.167
MinimumVisualStudioVersion = 10.0.40219.1
Project("{FAE04EC0-301F-11D3-BF4B-00C04F79EFBC}") = "SigmaJofotraAPICore", "SigmaJofotraAPICore.csproj", "{B6334C9B-4CFA-49B1-A7C8-F6A0F6AF07EB}"
EndProject
Global
	GlobalSection(SolutionConfigurationPlatforms) = preSolution
		Debug|Any CPU = Debug|Any CPU
		Release|Any CPU = Release|Any CPU
	EndGlobalSection
	GlobalSection(ProjectConfigurationPlatforms) = postSolution
		{B6334C9B-4CFA-49B1-A7C8-F6A0F6AF07EB}.Debug|Any CPU.ActiveCfg = Debug|Any CPU
		{B6334C9B-4CFA-49B1-A7C8-F6A0F6AF07EB}.Debug|Any CPU.Build.0 = Debug|Any CPU
		{B6334C9B-4CFA-49B1-A7C8-F6A0F6AF07EB}.Release|Any CPU.ActiveCfg = Release|Any CPU
		{B6334C9B-4CFA-49B1-A7C8-F6A0F6AF07EB}.Release|Any CPU.Build.0 = Release|Any CPU
	EndGlobalSection
	GlobalSection(SolutionProperties) = preSolution
		HideSolutionNode = FALSE
	EndGlobalSection
	GlobalSection(ExtensibilityGlobals) = postSolution
		SolutionGuid = {5DEF47B2-CCF1-439C-9C18-3C0FA6683FA8}
	EndGlobalSection
EndGlobal
